
Microsoft Visual Studio Solution File, Format Version 12.00
# Visual Studio Version 17
VisualStudioVersion = 17.13.35931.197 d17.13
MinimumVisualStudioVersion = 10.0.40219.1
Project("{FAE04EC0-301F-11D3-BF4B-00C04F79EFBC}") = "Console.ObjectTracking", "Console.ObjectTracking.csproj", "{5BFD3251-3112-42BF-901C-D506A7B11F65}"
EndProject
Global
	GlobalSection(SolutionConfigurationPlatforms) = preSolution
		Debug|Any CPU = Debug|Any CPU
		Release|Any CPU = Release|Any CPU
	EndGlobalSection
	GlobalSection(ProjectConfigurationPlatforms) = postSolution
		{5BFD3251-3112-42BF-901C-D506A7B11F65}.Debug|Any CPU.ActiveCfg = Debug|Any CPU
		{5BFD3251-3112-42BF-901C-D506A7B11F65}.Debug|Any CPU.Build.0 = Debug|Any CPU
		{5BFD3251-3112-42BF-901C-D506A7B11F65}.Release|Any CPU.ActiveCfg = Release|Any CPU
		{5BFD3251-3112-42BF-901C-D506A7B11F65}.Release|Any CPU.Build.0 = Release|Any CPU
	EndGlobalSection
	GlobalSection(SolutionProperties) = preSolution
		HideSolutionNode = FALSE
	EndGlobalSection
	GlobalSection(ExtensibilityGlobals) = postSolution
		SolutionGuid = {0EA45A0F-DA26-49B2-833C-F69CEF0BB8CD}
	EndGlobalSection
EndGlobal
